
Microsoft Visual Studio Solution File, Format Version 12.00
# Visual Studio Version 17
VisualStudioVersion = 17.0.32014.148
MinimumVisualStudioVersion = 10.0.40219.1
Project("{FAE04EC0-301F-11D3-BF4B-00C04F79EFBC}") = "ManejoPresupuesto", "ManejoPresupuesto\ManejoPresupuesto.csproj", "{8074326C-0F87-4014-BC33-9FF67A5430A1}"
EndProject
Global
	GlobalSection(SolutionConfigurationPlatforms) = preSolution
		Debug|Any CPU = Debug|Any CPU
		Release|Any CPU = Release|Any CPU
	EndGlobalSection
	GlobalSection(ProjectConfigurationPlatforms) = postSolution
		{8074326C-0F87-4014-BC33-9FF67A5430A1}.Debug|Any CPU.ActiveCfg = Debug|Any CPU
		{8074326C-0F87-4014-BC33-9FF67A5430A1}.Debug|Any CPU.Build.0 = Debug|Any CPU
		{8074326C-0F87-4014-BC33-9FF67A5430A1}.Release|Any CPU.ActiveCfg = Release|Any CPU
		{8074326C-0F87-4014-BC33-9FF67A5430A1}.Release|Any CPU.Build.0 = Release|Any CPU
	EndGlobalSection
	GlobalSection(SolutionProperties) = preSolution
		HideSolutionNode = FALSE
	EndGlobalSection
	GlobalSection(ExtensibilityGlobals) = postSolution
		SolutionGuid = {53BF43CE-9C8B-4ADF-A885-B9C744D4F372}
	EndGlobalSection
EndGlobal
